
Microsoft Visual Studio Solution File, Format Version 12.00
# Visual Studio Version 16
VisualStudioVersion = 16.0.29230.47
MinimumVisualStudioVersion = 10.0.40219.1
Project("{FAE04EC0-301F-11D3-BF4B-00C04F79EFBC}") = "VisualStudioAssignment_14", "VisualStudioAssignment_14\VisualStudioAssignment_14.csproj", "{2B13F2DF-66EA-416A-8301-EC5559FB777C}"
EndProject
Global
	GlobalSection(SolutionConfigurationPlatforms) = preSolution
		Debug|Any CPU = Debug|Any CPU
		Release|Any CPU = Release|Any CPU
	EndGlobalSection
	GlobalSection(ProjectConfigurationPlatforms) = postSolution
		{2B13F2DF-66EA-416A-8301-EC5559FB777C}.Debug|Any CPU.ActiveCfg = Debug|Any CPU
		{2B13F2DF-66EA-416A-8301-EC5559FB777C}.Debug|Any CPU.Build.0 = Debug|Any CPU
		{2B13F2DF-66EA-416A-8301-EC5559FB777C}.Release|Any CPU.ActiveCfg = Release|Any CPU
		{2B13F2DF-66EA-416A-8301-EC5559FB777C}.Release|Any CPU.Build.0 = Release|Any CPU
	EndGlobalSection
	GlobalSection(SolutionProperties) = preSolution
		HideSolutionNode = FALSE
	EndGlobalSection
	GlobalSection(ExtensibilityGlobals) = postSolution
		SolutionGuid = {ABD014F9-0D21-47B2-B183-CA774A64117D}
	EndGlobalSection
EndGlobal
